
Microsoft Visual Studio Solution File, Format Version 12.00
# Visual Studio Version 17
VisualStudioVersion = 17.10.35027.167
MinimumVisualStudioVersion = 10.0.40219.1
Project("{FAE04EC0-301F-11D3-BF4B-00C04F79EFBC}") = "GameZone", "GameZone\GameZone.csproj", "{04305826-5F88-4E63-927E-CD713989EC88}"
EndProject
Global
	GlobalSection(SolutionConfigurationPlatforms) = preSolution
		Debug|Any CPU = Debug|Any CPU
		Release|Any CPU = Release|Any CPU
	EndGlobalSection
	GlobalSection(ProjectConfigurationPlatforms) = postSolution
		{04305826-5F88-4E63-927E-CD713989EC88}.Debug|Any CPU.ActiveCfg = Debug|Any CPU
		{04305826-5F88-4E63-927E-CD713989EC88}.Debug|Any CPU.Build.0 = Debug|Any CPU
		{04305826-5F88-4E63-927E-CD713989EC88}.Release|Any CPU.ActiveCfg = Release|Any CPU
		{04305826-5F88-4E63-927E-CD713989EC88}.Release|Any CPU.Build.0 = Release|Any CPU
	EndGlobalSection
	GlobalSection(SolutionProperties) = preSolution
		HideSolutionNode = FALSE
	EndGlobalSection
	GlobalSection(ExtensibilityGlobals) = postSolution
		SolutionGuid = {69BAF642-62D2-4924-8603-1A6AF4A6D18C}
	EndGlobalSection
EndGlobal
